
Microsoft Visual Studio Solution File, Format Version 12.00
# Visual Studio 14
VisualStudioVersion = 14.0.24720.0
MinimumVisualStudioVersion = 10.0.40219.1
Project("{FAE04EC0-301F-11D3-BF4B-00C04F79EFBC}") = "Finance-Tracker", "Finance-Tracker\Finance-Tracker.csproj", "{6DDF5D48-60AA-4197-96E3-828D832B2D53}"
EndProject
Project("{FAE04EC0-301F-11D3-BF4B-00C04F79EFBC}") = "Finance-Tracker.Tests", "Finance-Tracker.Tests\Finance-Tracker.Tests.csproj", "{115695CC-21F5-407A-8BE2-0CE59794DDAD}"
EndProject
Global
	GlobalSection(SolutionConfigurationPlatforms) = preSolution
		Debug|Any CPU = Debug|Any CPU
		Release|Any CPU = Release|Any CPU
	EndGlobalSection
	GlobalSection(ProjectConfigurationPlatforms) = postSolution
		{6DDF5D48-60AA-4197-96E3-828D832B2D53}.Debug|Any CPU.ActiveCfg = Debug|Any CPU
		{6DDF5D48-60AA-4197-96E3-828D832B2D53}.Debug|Any CPU.Build.0 = Debug|Any CPU
		{6DDF5D48-60AA-4197-96E3-828D832B2D53}.Release|Any CPU.ActiveCfg = Release|Any CPU
		{6DDF5D48-60AA-4197-96E3-828D832B2D53}.Release|Any CPU.Build.0 = Release|Any CPU
		{115695CC-21F5-407A-8BE2-0CE59794DDAD}.Debug|Any CPU.ActiveCfg = Debug|Any CPU
		{115695CC-21F5-407A-8BE2-0CE59794DDAD}.Debug|Any CPU.Build.0 = Debug|Any CPU
		{115695CC-21F5-407A-8BE2-0CE59794DDAD}.Release|Any CPU.ActiveCfg = Release|Any CPU
		{115695CC-21F5-407A-8BE2-0CE59794DDAD}.Release|Any CPU.Build.0 = Release|Any CPU
	EndGlobalSection
	GlobalSection(SolutionProperties) = preSolution
		HideSolutionNode = FALSE
	EndGlobalSection
EndGlobal
